
Microsoft Visual Studio Solution File, Format Version 12.00
# Visual Studio Version 17
VisualStudioVersion = 17.14.36511.14
MinimumVisualStudioVersion = 10.0.40219.1
Project("{FAE04EC0-301F-11D3-BF4B-00C04F79EFBC}") = "HRM", "HRM.csproj", "{318C638F-2C29-433C-A856-799928892AAB}"
EndProject
Project("{FAE04EC0-301F-11D3-BF4B-00C04F79EFBC}") = "HRM.Data", "..\HRM.Data\HRM.Data.csproj", "{D5934B2B-A45D-4253-9277-DFDE1346BC80}"
EndProject
Global
	GlobalSection(SolutionConfigurationPlatforms) = preSolution
		Debug|Any CPU = Debug|Any CPU
		Release|Any CPU = Release|Any CPU
	EndGlobalSection
	GlobalSection(ProjectConfigurationPlatforms) = postSolution
		{318C638F-2C29-433C-A856-799928892AAB}.Debug|Any CPU.ActiveCfg = Debug|Any CPU
		{318C638F-2C29-433C-A856-799928892AAB}.Debug|Any CPU.Build.0 = Debug|Any CPU
		{318C638F-2C29-433C-A856-799928892AAB}.Release|Any CPU.ActiveCfg = Release|Any CPU
		{318C638F-2C29-433C-A856-799928892AAB}.Release|Any CPU.Build.0 = Release|Any CPU
		{D5934B2B-A45D-4253-9277-DFDE1346BC80}.Debug|Any CPU.ActiveCfg = Debug|Any CPU
		{D5934B2B-A45D-4253-9277-DFDE1346BC80}.Debug|Any CPU.Build.0 = Debug|Any CPU
		{D5934B2B-A45D-4253-9277-DFDE1346BC80}.Release|Any CPU.ActiveCfg = Release|Any CPU
		{D5934B2B-A45D-4253-9277-DFDE1346BC80}.Release|Any CPU.Build.0 = Release|Any CPU
	EndGlobalSection
	GlobalSection(SolutionProperties) = preSolution
		HideSolutionNode = FALSE
	EndGlobalSection
	GlobalSection(ExtensibilityGlobals) = postSolution
		SolutionGuid = {839F01B6-0EDA-4173-8EB6-8A80FDF8C73A}
	EndGlobalSection
EndGlobal
